
Microsoft Visual Studio Solution File, Format Version 12.00
# Visual Studio Version 17
VisualStudioVersion = 17.5.33530.505
MinimumVisualStudioVersion = 10.0.40219.1
Project("{FAE04EC0-301F-11D3-BF4B-00C04F79EFBC}") = "WebApi", "WebApi.csproj", "{14B83466-572D-421B-AA1B-042651F7ED79}"
EndProject
Global
	GlobalSection(SolutionConfigurationPlatforms) = preSolution
		Debug|Any CPU = Debug|Any CPU
		Release|Any CPU = Release|Any CPU
	EndGlobalSection
	GlobalSection(ProjectConfigurationPlatforms) = postSolution
		{14B83466-572D-421B-AA1B-042651F7ED79}.Debug|Any CPU.ActiveCfg = Debug|Any CPU
		{14B83466-572D-421B-AA1B-042651F7ED79}.Debug|Any CPU.Build.0 = Debug|Any CPU
		{14B83466-572D-421B-AA1B-042651F7ED79}.Release|Any CPU.ActiveCfg = Release|Any CPU
		{14B83466-572D-421B-AA1B-042651F7ED79}.Release|Any CPU.Build.0 = Release|Any CPU
	EndGlobalSection
	GlobalSection(SolutionProperties) = preSolution
		HideSolutionNode = FALSE
	EndGlobalSection
	GlobalSection(ExtensibilityGlobals) = postSolution
		SolutionGuid = {2FB3B8D6-315C-4780-9643-938FCCCDF7D5}
	EndGlobalSection
EndGlobal
